
Microsoft Visual Studio Solution File, Format Version 12.00
# Visual Studio Version 17
VisualStudioVersion = 17.8.34511.84
MinimumVisualStudioVersion = 10.0.40219.1
Project("{FAE04EC0-301F-11D3-BF4B-00C04F79EFBC}") = "seleniumPOC", "seleniumPOC\seleniumPOC.csproj", "{6A5D3F4B-9EDC-49BB-BAE7-DB75AFC560D5}"
EndProject
Global
	GlobalSection(SolutionConfigurationPlatforms) = preSolution
		Debug|Any CPU = Debug|Any CPU
		Release|Any CPU = Release|Any CPU
	EndGlobalSection
	GlobalSection(ProjectConfigurationPlatforms) = postSolution
		{6A5D3F4B-9EDC-49BB-BAE7-DB75AFC560D5}.Debug|Any CPU.ActiveCfg = Debug|Any CPU
		{6A5D3F4B-9EDC-49BB-BAE7-DB75AFC560D5}.Debug|Any CPU.Build.0 = Debug|Any CPU
		{6A5D3F4B-9EDC-49BB-BAE7-DB75AFC560D5}.Release|Any CPU.ActiveCfg = Release|Any CPU
		{6A5D3F4B-9EDC-49BB-BAE7-DB75AFC560D5}.Release|Any CPU.Build.0 = Release|Any CPU
	EndGlobalSection
	GlobalSection(SolutionProperties) = preSolution
		HideSolutionNode = FALSE
	EndGlobalSection
	GlobalSection(ExtensibilityGlobals) = postSolution
		SolutionGuid = {4FE05B5E-3202-4C3A-A530-980906B0EB99}
	EndGlobalSection
EndGlobal
